
Microsoft Visual Studio Solution File, Format Version 12.00
# Visual Studio 15
VisualStudioVersion = 15.0.28010.2016
MinimumVisualStudioVersion = 10.0.40219.1
Project("{FAE04EC0-301F-11D3-BF4B-00C04F79EFBC}") = "ISpeak", "ISpeak\ISpeak.csproj", "{D15BDD7D-8C36-4B27-934F-DA41851EA9E2}"
EndProject
Global
	GlobalSection(SolutionConfigurationPlatforms) = preSolution
		Debug|Any CPU = Debug|Any CPU
		Release|Any CPU = Release|Any CPU
	EndGlobalSection
	GlobalSection(ProjectConfigurationPlatforms) = postSolution
		{D15BDD7D-8C36-4B27-934F-DA41851EA9E2}.Debug|Any CPU.ActiveCfg = Debug|Any CPU
		{D15BDD7D-8C36-4B27-934F-DA41851EA9E2}.Debug|Any CPU.Build.0 = Debug|Any CPU
		{D15BDD7D-8C36-4B27-934F-DA41851EA9E2}.Release|Any CPU.ActiveCfg = Release|Any CPU
		{D15BDD7D-8C36-4B27-934F-DA41851EA9E2}.Release|Any CPU.Build.0 = Release|Any CPU
	EndGlobalSection
	GlobalSection(SolutionProperties) = preSolution
		HideSolutionNode = FALSE
	EndGlobalSection
	GlobalSection(ExtensibilityGlobals) = postSolution
		SolutionGuid = {F01BC84F-28E2-4C39-9ABB-612B5F202051}
	EndGlobalSection
EndGlobal
