
Microsoft Visual Studio Solution File, Format Version 12.00
# Visual Studio 15
VisualStudioVersion = 15.0.28010.2016
MinimumVisualStudioVersion = 10.0.40219.1
Project("{FAE04EC0-301F-11D3-BF4B-00C04F79EFBC}") = "Evolve", "Evolve\Evolve.csproj", "{4C1A0E8E-0A06-46DF-9EF1-5C6B5F73D335}"
EndProject
Global
	GlobalSection(SolutionConfigurationPlatforms) = preSolution
		Debug|Any CPU = Debug|Any CPU
		Release|Any CPU = Release|Any CPU
	EndGlobalSection
	GlobalSection(ProjectConfigurationPlatforms) = postSolution
		{4C1A0E8E-0A06-46DF-9EF1-5C6B5F73D335}.Debug|Any CPU.ActiveCfg = Debug|Any CPU
		{4C1A0E8E-0A06-46DF-9EF1-5C6B5F73D335}.Debug|Any CPU.Build.0 = Debug|Any CPU
		{4C1A0E8E-0A06-46DF-9EF1-5C6B5F73D335}.Release|Any CPU.ActiveCfg = Release|Any CPU
		{4C1A0E8E-0A06-46DF-9EF1-5C6B5F73D335}.Release|Any CPU.Build.0 = Release|Any CPU
	EndGlobalSection
	GlobalSection(SolutionProperties) = preSolution
		HideSolutionNode = FALSE
	EndGlobalSection
	GlobalSection(ExtensibilityGlobals) = postSolution
		SolutionGuid = {FE102D25-D41A-4D83-81CE-F02894A5863A}
	EndGlobalSection
EndGlobal
