
Microsoft Visual Studio Solution File, Format Version 12.00
# Visual Studio 15
VisualStudioVersion = 15.0.28307.489
MinimumVisualStudioVersion = 10.0.40219.1
Project("{FAE04EC0-301F-11D3-BF4B-00C04F79EFBC}") = "Maths", "Maths\Maths.csproj", "{4412C95F-F281-4508-80D8-A025D590C2FB}"
EndProject
Project("{FAE04EC0-301F-11D3-BF4B-00C04F79EFBC}") = "UnitTest1", "UnitTest1\UnitTest1.csproj", "{13425B1E-C64C-49F9-A95D-86B826D8BA0B}"
EndProject
Global
	GlobalSection(SolutionConfigurationPlatforms) = preSolution
		Debug|ARM = Debug|ARM
		Debug|ARM64 = Debug|ARM64
		Debug|x64 = Debug|x64
		Debug|x86 = Debug|x86
		Release|ARM = Release|ARM
		Release|ARM64 = Release|ARM64
		Release|x64 = Release|x64
		Release|x86 = Release|x86
	EndGlobalSection
	GlobalSection(ProjectConfigurationPlatforms) = postSolution
		{4412C95F-F281-4508-80D8-A025D590C2FB}.Debug|ARM.ActiveCfg = Debug|ARM
		{4412C95F-F281-4508-80D8-A025D590C2FB}.Debug|ARM.Build.0 = Debug|ARM
		{4412C95F-F281-4508-80D8-A025D590C2FB}.Debug|ARM.Deploy.0 = Debug|ARM
		{4412C95F-F281-4508-80D8-A025D590C2FB}.Debug|ARM64.ActiveCfg = Debug|ARM64
		{4412C95F-F281-4508-80D8-A025D590C2FB}.Debug|ARM64.Build.0 = Debug|ARM64
		{4412C95F-F281-4508-80D8-A025D590C2FB}.Debug|ARM64.Deploy.0 = Debug|ARM64
		{4412C95F-F281-4508-80D8-A025D590C2FB}.Debug|x64.ActiveCfg = Debug|x64
		{4412C95F-F281-4508-80D8-A025D590C2FB}.Debug|x64.Build.0 = Debug|x64
		{4412C95F-F281-4508-80D8-A025D590C2FB}.Debug|x64.Deploy.0 = Debug|x64
		{4412C95F-F281-4508-80D8-A025D590C2FB}.Debug|x86.ActiveCfg = Debug|x86
		{4412C95F-F281-4508-80D8-A025D590C2FB}.Debug|x86.Build.0 = Debug|x86
		{4412C95F-F281-4508-80D8-A025D590C2FB}.Debug|x86.Deploy.0 = Debug|x86
		{4412C95F-F281-4508-80D8-A025D590C2FB}.Release|ARM.ActiveCfg = Release|ARM
		{4412C95F-F281-4508-80D8-A025D590C2FB}.Release|ARM.Build.0 = Release|ARM
		{4412C95F-F281-4508-80D8-A025D590C2FB}.Release|ARM.Deploy.0 = Release|ARM
		{4412C95F-F281-4508-80D8-A025D590C2FB}.Release|ARM64.ActiveCfg = Release|ARM64
		{4412C95F-F281-4508-80D8-A025D590C2FB}.Release|ARM64.Build.0 = Release|ARM64
		{4412C95F-F281-4508-80D8-A025D590C2FB}.Release|ARM64.Deploy.0 = Release|ARM64
		{4412C95F-F281-4508-80D8-A025D590C2FB}.Release|x64.ActiveCfg = Release|x64
		{4412C95F-F281-4508-80D8-A025D590C2FB}.Release|x64.Build.0 = Release|x64
		{4412C95F-F281-4508-80D8-A025D590C2FB}.Release|x64.Deploy.0 = Release|x64
		{4412C95F-F281-4508-80D8-A025D590C2FB}.Release|x86.ActiveCfg = Release|x86
		{4412C95F-F281-4508-80D8-A025D590C2FB}.Release|x86.Build.0 = Release|x86
		{4412C95F-F281-4508-80D8-A025D590C2FB}.Release|x86.Deploy.0 = Release|x86
		{13425B1E-C64C-49F9-A95D-86B826D8BA0B}.Debug|ARM.ActiveCfg = Debug|ARM
		{13425B1E-C64C-49F9-A95D-86B826D8BA0B}.Debug|ARM.Build.0 = Debug|ARM
		{13425B1E-C64C-49F9-A95D-86B826D8BA0B}.Debug|ARM.Deploy.0 = Debug|ARM
		{13425B1E-C64C-49F9-A95D-86B826D8BA0B}.Debug|ARM64.ActiveCfg = Debug|ARM64
		{13425B1E-C64C-49F9-A95D-86B826D8BA0B}.Debug|ARM64.Build.0 = Debug|ARM64
		{13425B1E-C64C-49F9-A95D-86B826D8BA0B}.Debug|ARM64.Deploy.0 = Debug|ARM64
		{13425B1E-C64C-49F9-A95D-86B826D8BA0B}.Debug|x64.ActiveCfg = Debug|x64
		{13425B1E-C64C-49F9-A95D-86B826D8BA0B}.Debug|x64.Build.0 = Debug|x64
		{13425B1E-C64C-49F9-A95D-86B826D8BA0B}.Debug|x64.Deploy.0 = Debug|x64
		{13425B1E-C64C-49F9-A95D-86B826D8BA0B}.Debug|x86.ActiveCfg = Debug|x86
		{13425B1E-C64C-49F9-A95D-86B826D8BA0B}.Debug|x86.Build.0 = Debug|x86
		{13425B1E-C64C-49F9-A95D-86B826D8BA0B}.Debug|x86.Deploy.0 = Debug|x86
		{13425B1E-C64C-49F9-A95D-86B826D8BA0B}.Release|ARM.ActiveCfg = Release|ARM
		{13425B1E-C64C-49F9-A95D-86B826D8BA0B}.Release|ARM.Build.0 = Release|ARM
		{13425B1E-C64C-49F9-A95D-86B826D8BA0B}.Release|ARM.Deploy.0 = Release|ARM
		{13425B1E-C64C-49F9-A95D-86B826D8BA0B}.Release|ARM64.ActiveCfg = Release|ARM64
		{13425B1E-C64C-49F9-A95D-86B826D8BA0B}.Release|ARM64.Build.0 = Release|ARM64
		{13425B1E-C64C-49F9-A95D-86B826D8BA0B}.Release|ARM64.Deploy.0 = Release|ARM64
		{13425B1E-C64C-49F9-A95D-86B826D8BA0B}.Release|x64.ActiveCfg = Release|x64
		{13425B1E-C64C-49F9-A95D-86B826D8BA0B}.Release|x64.Build.0 = Release|x64
		{13425B1E-C64C-49F9-A95D-86B826D8BA0B}.Release|x64.Deploy.0 = Release|x64
		{13425B1E-C64C-49F9-A95D-86B826D8BA0B}.Release|x86.ActiveCfg = Release|x86
		{13425B1E-C64C-49F9-A95D-86B826D8BA0B}.Release|x86.Build.0 = Release|x86
		{13425B1E-C64C-49F9-A95D-86B826D8BA0B}.Release|x86.Deploy.0 = Release|x86
	EndGlobalSection
	GlobalSection(SolutionProperties) = preSolution
		HideSolutionNode = FALSE
	EndGlobalSection
	GlobalSection(ExtensibilityGlobals) = postSolution
		SolutionGuid = {7040D70B-75D0-49E3-AA5B-82DB96473B44}
	EndGlobalSection
EndGlobal
