
Microsoft Visual Studio Solution File, Format Version 12.00
# Visual Studio 15
VisualStudioVersion = 15.0.28307.645
MinimumVisualStudioVersion = 10.0.40219.1
Project("{9A19103F-16F7-4668-BE54-9A1E7A4F7556}") = "Skat", "Skat\Skat.csproj", "{5AC0D03B-9119-4B1E-B4EF-FE7C156ACE5E}"
EndProject
Project("{9A19103F-16F7-4668-BE54-9A1E7A4F7556}") = "Skat Unit Test", "..\Skat Unit Test\Skat Unit Test.csproj", "{8463B7D2-2C2A-44C2-837A-2239DEA7586B}"
EndProject
Project("{FAE04EC0-301F-11D3-BF4B-00C04F79EFBC}") = "Skat TCP Server", "Skat TCP Server\Skat TCP Server.csproj", "{DF05A951-0241-4226-B1E7-03E964A7FD4D}"
EndProject
Project("{FAE04EC0-301F-11D3-BF4B-00C04F79EFBC}") = "Skat TCP Client", "Skat TCP Client\Skat TCP Client.csproj", "{EDBB50BF-3880-47AC-805A-72F5914BFCF6}"
EndProject
Global
	GlobalSection(SolutionConfigurationPlatforms) = preSolution
		Debug|Any CPU = Debug|Any CPU
		Release|Any CPU = Release|Any CPU
	EndGlobalSection
	GlobalSection(ProjectConfigurationPlatforms) = postSolution
		{5AC0D03B-9119-4B1E-B4EF-FE7C156ACE5E}.Debug|Any CPU.ActiveCfg = Debug|Any CPU
		{5AC0D03B-9119-4B1E-B4EF-FE7C156ACE5E}.Debug|Any CPU.Build.0 = Debug|Any CPU
		{5AC0D03B-9119-4B1E-B4EF-FE7C156ACE5E}.Release|Any CPU.ActiveCfg = Release|Any CPU
		{5AC0D03B-9119-4B1E-B4EF-FE7C156ACE5E}.Release|Any CPU.Build.0 = Release|Any CPU
		{8463B7D2-2C2A-44C2-837A-2239DEA7586B}.Debug|Any CPU.ActiveCfg = Debug|Any CPU
		{8463B7D2-2C2A-44C2-837A-2239DEA7586B}.Debug|Any CPU.Build.0 = Debug|Any CPU
		{8463B7D2-2C2A-44C2-837A-2239DEA7586B}.Release|Any CPU.ActiveCfg = Release|Any CPU
		{8463B7D2-2C2A-44C2-837A-2239DEA7586B}.Release|Any CPU.Build.0 = Release|Any CPU
		{DF05A951-0241-4226-B1E7-03E964A7FD4D}.Debug|Any CPU.ActiveCfg = Debug|Any CPU
		{DF05A951-0241-4226-B1E7-03E964A7FD4D}.Debug|Any CPU.Build.0 = Debug|Any CPU
		{DF05A951-0241-4226-B1E7-03E964A7FD4D}.Release|Any CPU.ActiveCfg = Release|Any CPU
		{DF05A951-0241-4226-B1E7-03E964A7FD4D}.Release|Any CPU.Build.0 = Release|Any CPU
		{EDBB50BF-3880-47AC-805A-72F5914BFCF6}.Debug|Any CPU.ActiveCfg = Debug|Any CPU
		{EDBB50BF-3880-47AC-805A-72F5914BFCF6}.Debug|Any CPU.Build.0 = Debug|Any CPU
		{EDBB50BF-3880-47AC-805A-72F5914BFCF6}.Release|Any CPU.ActiveCfg = Release|Any CPU
		{EDBB50BF-3880-47AC-805A-72F5914BFCF6}.Release|Any CPU.Build.0 = Release|Any CPU
	EndGlobalSection
	GlobalSection(SolutionProperties) = preSolution
		HideSolutionNode = FALSE
	EndGlobalSection
	GlobalSection(ExtensibilityGlobals) = postSolution
		SolutionGuid = {E31089F8-AB58-42E0-91A0-6CEBD266A823}
	EndGlobalSection
EndGlobal
