
Microsoft Visual Studio Solution File, Format Version 12.00
# Visual Studio 15
VisualStudioVersion = 15.0.28307.572
MinimumVisualStudioVersion = 10.0.40219.1
Project("{FAE04EC0-301F-11D3-BF4B-00C04F79EFBC}") = "Greve test", "Greve test\Greve test.csproj", "{33DE6B47-2648-4670-9C67-F9117B1792D4}"
EndProject
Global
	GlobalSection(SolutionConfigurationPlatforms) = preSolution
		Debug|Any CPU = Debug|Any CPU
		Release|Any CPU = Release|Any CPU
	EndGlobalSection
	GlobalSection(ProjectConfigurationPlatforms) = postSolution
		{33DE6B47-2648-4670-9C67-F9117B1792D4}.Debug|Any CPU.ActiveCfg = Debug|Any CPU
		{33DE6B47-2648-4670-9C67-F9117B1792D4}.Debug|Any CPU.Build.0 = Debug|Any CPU
		{33DE6B47-2648-4670-9C67-F9117B1792D4}.Release|Any CPU.ActiveCfg = Release|Any CPU
		{33DE6B47-2648-4670-9C67-F9117B1792D4}.Release|Any CPU.Build.0 = Release|Any CPU
	EndGlobalSection
	GlobalSection(SolutionProperties) = preSolution
		HideSolutionNode = FALSE
	EndGlobalSection
	GlobalSection(ExtensibilityGlobals) = postSolution
		SolutionGuid = {336CBD5F-0CCA-43E8-9924-5246D9DAFC2E}
	EndGlobalSection
EndGlobal
