
Microsoft Visual Studio Solution File, Format Version 12.00
# Visual Studio 15
VisualStudioVersion = 15.0.28010.2048
MinimumVisualStudioVersion = 10.0.40219.1
Project("{FAE04EC0-301F-11D3-BF4B-00C04F79EFBC}") = "Simple Console With Database", "Simple Console With Database\Simple Console With Database.csproj", "{03713ABB-5A69-4A68-ACC3-D551466A4181}"
EndProject
Global
	GlobalSection(SolutionConfigurationPlatforms) = preSolution
		Debug|Any CPU = Debug|Any CPU
		Release|Any CPU = Release|Any CPU
	EndGlobalSection
	GlobalSection(ProjectConfigurationPlatforms) = postSolution
		{03713ABB-5A69-4A68-ACC3-D551466A4181}.Debug|Any CPU.ActiveCfg = Debug|Any CPU
		{03713ABB-5A69-4A68-ACC3-D551466A4181}.Debug|Any CPU.Build.0 = Debug|Any CPU
		{03713ABB-5A69-4A68-ACC3-D551466A4181}.Release|Any CPU.ActiveCfg = Release|Any CPU
		{03713ABB-5A69-4A68-ACC3-D551466A4181}.Release|Any CPU.Build.0 = Release|Any CPU
	EndGlobalSection
	GlobalSection(SolutionProperties) = preSolution
		HideSolutionNode = FALSE
	EndGlobalSection
	GlobalSection(ExtensibilityGlobals) = postSolution
		SolutionGuid = {27BA0C02-3CE2-4BC6-BC5E-4109DBAC9792}
	EndGlobalSection
EndGlobal
