
Microsoft Visual Studio Solution File, Format Version 12.00
# Visual Studio 15
VisualStudioVersion = 15.0.28010.2016
MinimumVisualStudioVersion = 10.0.40219.1
Project("{FAE04EC0-301F-11D3-BF4B-00C04F79EFBC}") = "BæverKompaniet", "BæverKompaniet\BæverKompaniet.csproj", "{9C057975-83B6-4DF2-B7AF-78AFC38E7E49}"
EndProject
Global
	GlobalSection(SolutionConfigurationPlatforms) = preSolution
		Debug|Any CPU = Debug|Any CPU
		Release|Any CPU = Release|Any CPU
	EndGlobalSection
	GlobalSection(ProjectConfigurationPlatforms) = postSolution
		{9C057975-83B6-4DF2-B7AF-78AFC38E7E49}.Debug|Any CPU.ActiveCfg = Debug|Any CPU
		{9C057975-83B6-4DF2-B7AF-78AFC38E7E49}.Debug|Any CPU.Build.0 = Debug|Any CPU
		{9C057975-83B6-4DF2-B7AF-78AFC38E7E49}.Release|Any CPU.ActiveCfg = Release|Any CPU
		{9C057975-83B6-4DF2-B7AF-78AFC38E7E49}.Release|Any CPU.Build.0 = Release|Any CPU
	EndGlobalSection
	GlobalSection(SolutionProperties) = preSolution
		HideSolutionNode = FALSE
	EndGlobalSection
	GlobalSection(ExtensibilityGlobals) = postSolution
		SolutionGuid = {015FB637-E06D-440E-8ABE-3FE1BAE69981}
	EndGlobalSection
EndGlobal
