
Microsoft Visual Studio Solution File, Format Version 12.00
# Visual Studio 15
VisualStudioVersion = 15.0.28010.2016
MinimumVisualStudioVersion = 10.0.40219.1
Project("{FAE04EC0-301F-11D3-BF4B-00C04F79EFBC}") = "Test1", "Test1\Test1.csproj", "{48EBA55D-4134-4B4E-A1C9-09D4BC218E01}"
EndProject
Global
	GlobalSection(SolutionConfigurationPlatforms) = preSolution
		Debug|Any CPU = Debug|Any CPU
		Release|Any CPU = Release|Any CPU
	EndGlobalSection
	GlobalSection(ProjectConfigurationPlatforms) = postSolution
		{48EBA55D-4134-4B4E-A1C9-09D4BC218E01}.Debug|Any CPU.ActiveCfg = Debug|Any CPU
		{48EBA55D-4134-4B4E-A1C9-09D4BC218E01}.Debug|Any CPU.Build.0 = Debug|Any CPU
		{48EBA55D-4134-4B4E-A1C9-09D4BC218E01}.Release|Any CPU.ActiveCfg = Release|Any CPU
		{48EBA55D-4134-4B4E-A1C9-09D4BC218E01}.Release|Any CPU.Build.0 = Release|Any CPU
	EndGlobalSection
	GlobalSection(SolutionProperties) = preSolution
		HideSolutionNode = FALSE
	EndGlobalSection
	GlobalSection(ExtensibilityGlobals) = postSolution
		SolutionGuid = {64C9F4DE-CD1C-4017-AE93-781028C41801}
	EndGlobalSection
EndGlobal
