
Microsoft Visual Studio Solution File, Format Version 12.00
# Visual Studio 15
VisualStudioVersion = 15.0.28307.645
MinimumVisualStudioVersion = 10.0.40219.1
Project("{FAE04EC0-301F-11D3-BF4B-00C04F79EFBC}") = "RestCalculatorServiceCore", "RestCalculatorServiceCore\RestCalculatorServiceCore.csproj", "{A70031DC-0848-493B-B80D-A2A968361199}"
EndProject
Global
	GlobalSection(SolutionConfigurationPlatforms) = preSolution
		Debug|Any CPU = Debug|Any CPU
		Release|Any CPU = Release|Any CPU
	EndGlobalSection
	GlobalSection(ProjectConfigurationPlatforms) = postSolution
		{A70031DC-0848-493B-B80D-A2A968361199}.Debug|Any CPU.ActiveCfg = Debug|Any CPU
		{A70031DC-0848-493B-B80D-A2A968361199}.Debug|Any CPU.Build.0 = Debug|Any CPU
		{A70031DC-0848-493B-B80D-A2A968361199}.Release|Any CPU.ActiveCfg = Release|Any CPU
		{A70031DC-0848-493B-B80D-A2A968361199}.Release|Any CPU.Build.0 = Release|Any CPU
	EndGlobalSection
	GlobalSection(SolutionProperties) = preSolution
		HideSolutionNode = FALSE
	EndGlobalSection
	GlobalSection(ExtensibilityGlobals) = postSolution
		SolutionGuid = {8BC8523B-68A0-414F-9CB6-67A8B3EC4D13}
	EndGlobalSection
EndGlobal
