
Microsoft Visual Studio Solution File, Format Version 12.00
# Visual Studio 15
VisualStudioVersion = 15.0.28307.645
MinimumVisualStudioVersion = 10.0.40219.1
Project("{FAE04EC0-301F-11D3-BF4B-00C04F79EFBC}") = "CalculatorLibrary", "CalculatorLibrary\CalculatorLibrary.csproj", "{D4894917-0835-42C5-9C70-2C726A9AAA75}"
EndProject
Project("{FAE04EC0-301F-11D3-BF4B-00C04F79EFBC}") = "ColculatorLibraryUnitTest", "ColculatorLibraryUnitTest\ColculatorLibraryUnitTest.csproj", "{20955F5A-BFE5-41AB-928B-C1F5554E0871}"
EndProject
Project("{FAE04EC0-301F-11D3-BF4B-00C04F79EFBC}") = "CalculatorLibraryCore", "CalculatorLibraryCore\CalculatorLibraryCore.csproj", "{8595B6A7-3B1A-462A-80F7-2FE33C835A33}"
EndProject
Global
	GlobalSection(SolutionConfigurationPlatforms) = preSolution
		Debug|Any CPU = Debug|Any CPU
		Release|Any CPU = Release|Any CPU
	EndGlobalSection
	GlobalSection(ProjectConfigurationPlatforms) = postSolution
		{D4894917-0835-42C5-9C70-2C726A9AAA75}.Debug|Any CPU.ActiveCfg = Debug|Any CPU
		{D4894917-0835-42C5-9C70-2C726A9AAA75}.Debug|Any CPU.Build.0 = Debug|Any CPU
		{D4894917-0835-42C5-9C70-2C726A9AAA75}.Release|Any CPU.ActiveCfg = Release|Any CPU
		{D4894917-0835-42C5-9C70-2C726A9AAA75}.Release|Any CPU.Build.0 = Release|Any CPU
		{20955F5A-BFE5-41AB-928B-C1F5554E0871}.Debug|Any CPU.ActiveCfg = Debug|Any CPU
		{20955F5A-BFE5-41AB-928B-C1F5554E0871}.Debug|Any CPU.Build.0 = Debug|Any CPU
		{20955F5A-BFE5-41AB-928B-C1F5554E0871}.Release|Any CPU.ActiveCfg = Release|Any CPU
		{20955F5A-BFE5-41AB-928B-C1F5554E0871}.Release|Any CPU.Build.0 = Release|Any CPU
		{8595B6A7-3B1A-462A-80F7-2FE33C835A33}.Debug|Any CPU.ActiveCfg = Debug|Any CPU
		{8595B6A7-3B1A-462A-80F7-2FE33C835A33}.Debug|Any CPU.Build.0 = Debug|Any CPU
		{8595B6A7-3B1A-462A-80F7-2FE33C835A33}.Release|Any CPU.ActiveCfg = Release|Any CPU
		{8595B6A7-3B1A-462A-80F7-2FE33C835A33}.Release|Any CPU.Build.0 = Release|Any CPU
	EndGlobalSection
	GlobalSection(SolutionProperties) = preSolution
		HideSolutionNode = FALSE
	EndGlobalSection
	GlobalSection(ExtensibilityGlobals) = postSolution
		SolutionGuid = {F4C04DBC-8B53-4A1D-AC9F-FBDCDFD1AE96}
	EndGlobalSection
EndGlobal
