
Microsoft Visual Studio Solution File, Format Version 12.00
# Visual Studio 15
VisualStudioVersion = 15.0.28307.645
MinimumVisualStudioVersion = 10.0.40219.1
Project("{FAE04EC0-301F-11D3-BF4B-00C04F79EFBC}") = "StringLibrary", "StringLibrary\StringLibrary.csproj", "{533AF810-7577-48D3-A67F-4E456DF35F00}"
EndProject
Project("{FAE04EC0-301F-11D3-BF4B-00C04F79EFBC}") = "StringLibraryTest", "StringLibraryTest\StringLibraryTest.csproj", "{F14C8F71-F458-4EB8-9B47-DB3D483EA572}"
EndProject
Global
	GlobalSection(SolutionConfigurationPlatforms) = preSolution
		Debug|Any CPU = Debug|Any CPU
		Release|Any CPU = Release|Any CPU
	EndGlobalSection
	GlobalSection(ProjectConfigurationPlatforms) = postSolution
		{533AF810-7577-48D3-A67F-4E456DF35F00}.Debug|Any CPU.ActiveCfg = Debug|Any CPU
		{533AF810-7577-48D3-A67F-4E456DF35F00}.Debug|Any CPU.Build.0 = Debug|Any CPU
		{533AF810-7577-48D3-A67F-4E456DF35F00}.Release|Any CPU.ActiveCfg = Release|Any CPU
		{533AF810-7577-48D3-A67F-4E456DF35F00}.Release|Any CPU.Build.0 = Release|Any CPU
		{F14C8F71-F458-4EB8-9B47-DB3D483EA572}.Debug|Any CPU.ActiveCfg = Debug|Any CPU
		{F14C8F71-F458-4EB8-9B47-DB3D483EA572}.Debug|Any CPU.Build.0 = Debug|Any CPU
		{F14C8F71-F458-4EB8-9B47-DB3D483EA572}.Release|Any CPU.ActiveCfg = Release|Any CPU
		{F14C8F71-F458-4EB8-9B47-DB3D483EA572}.Release|Any CPU.Build.0 = Release|Any CPU
	EndGlobalSection
	GlobalSection(SolutionProperties) = preSolution
		HideSolutionNode = FALSE
	EndGlobalSection
	GlobalSection(ExtensibilityGlobals) = postSolution
		SolutionGuid = {05378673-6D16-458F-AA61-A992BF3D97E1}
	EndGlobalSection
EndGlobal
