
Microsoft Visual Studio Solution File, Format Version 12.00
# Visual Studio 15
VisualStudioVersion = 15.0.28010.2048
MinimumVisualStudioVersion = 10.0.40219.1
Project("{FAE04EC0-301F-11D3-BF4B-00C04F79EFBC}") = "Daniels App", "Daniels App\Daniels App.csproj", "{A0BF4AF0-328E-41C7-B438-7465EF4FB8E8}"
EndProject
Global
	GlobalSection(SolutionConfigurationPlatforms) = preSolution
		Debug|Any CPU = Debug|Any CPU
		Release|Any CPU = Release|Any CPU
	EndGlobalSection
	GlobalSection(ProjectConfigurationPlatforms) = postSolution
		{A0BF4AF0-328E-41C7-B438-7465EF4FB8E8}.Debug|Any CPU.ActiveCfg = Debug|Any CPU
		{A0BF4AF0-328E-41C7-B438-7465EF4FB8E8}.Debug|Any CPU.Build.0 = Debug|Any CPU
		{A0BF4AF0-328E-41C7-B438-7465EF4FB8E8}.Release|Any CPU.ActiveCfg = Release|Any CPU
		{A0BF4AF0-328E-41C7-B438-7465EF4FB8E8}.Release|Any CPU.Build.0 = Release|Any CPU
	EndGlobalSection
	GlobalSection(SolutionProperties) = preSolution
		HideSolutionNode = FALSE
	EndGlobalSection
	GlobalSection(ExtensibilityGlobals) = postSolution
		SolutionGuid = {2F8B9C0D-2015-4491-9931-34912871D787}
	EndGlobalSection
EndGlobal
