
Microsoft Visual Studio Solution File, Format Version 12.00
# Blend for Visual Studio 15
VisualStudioVersion = 15.0.28010.2050
MinimumVisualStudioVersion = 10.0.40219.1
Project("{FAE04EC0-301F-11D3-BF4B-00C04F79EFBC}") = "ByerFV", "ByerFV\ByerFV.csproj", "{A2C73A39-C768-4F2A-95DF-BBF31927B985}"
EndProject
Global
	GlobalSection(SolutionConfigurationPlatforms) = preSolution
		Debug|ARM = Debug|ARM
		Debug|x64 = Debug|x64
		Debug|x86 = Debug|x86
		Release|ARM = Release|ARM
		Release|x64 = Release|x64
		Release|x86 = Release|x86
	EndGlobalSection
	GlobalSection(ProjectConfigurationPlatforms) = postSolution
		{A2C73A39-C768-4F2A-95DF-BBF31927B985}.Debug|ARM.ActiveCfg = Debug|ARM
		{A2C73A39-C768-4F2A-95DF-BBF31927B985}.Debug|ARM.Build.0 = Debug|ARM
		{A2C73A39-C768-4F2A-95DF-BBF31927B985}.Debug|ARM.Deploy.0 = Debug|ARM
		{A2C73A39-C768-4F2A-95DF-BBF31927B985}.Debug|x64.ActiveCfg = Debug|x64
		{A2C73A39-C768-4F2A-95DF-BBF31927B985}.Debug|x64.Build.0 = Debug|x64
		{A2C73A39-C768-4F2A-95DF-BBF31927B985}.Debug|x64.Deploy.0 = Debug|x64
		{A2C73A39-C768-4F2A-95DF-BBF31927B985}.Debug|x86.ActiveCfg = Debug|x86
		{A2C73A39-C768-4F2A-95DF-BBF31927B985}.Debug|x86.Build.0 = Debug|x86
		{A2C73A39-C768-4F2A-95DF-BBF31927B985}.Debug|x86.Deploy.0 = Debug|x86
		{A2C73A39-C768-4F2A-95DF-BBF31927B985}.Release|ARM.ActiveCfg = Release|ARM
		{A2C73A39-C768-4F2A-95DF-BBF31927B985}.Release|ARM.Build.0 = Release|ARM
		{A2C73A39-C768-4F2A-95DF-BBF31927B985}.Release|ARM.Deploy.0 = Release|ARM
		{A2C73A39-C768-4F2A-95DF-BBF31927B985}.Release|x64.ActiveCfg = Release|x64
		{A2C73A39-C768-4F2A-95DF-BBF31927B985}.Release|x64.Build.0 = Release|x64
		{A2C73A39-C768-4F2A-95DF-BBF31927B985}.Release|x64.Deploy.0 = Release|x64
		{A2C73A39-C768-4F2A-95DF-BBF31927B985}.Release|x86.ActiveCfg = Release|x86
		{A2C73A39-C768-4F2A-95DF-BBF31927B985}.Release|x86.Build.0 = Release|x86
		{A2C73A39-C768-4F2A-95DF-BBF31927B985}.Release|x86.Deploy.0 = Release|x86
	EndGlobalSection
	GlobalSection(SolutionProperties) = preSolution
		HideSolutionNode = FALSE
	EndGlobalSection
	GlobalSection(ExtensibilityGlobals) = postSolution
		SolutionGuid = {B56E41DE-FC4B-4701-BE48-498D30F5AF65}
	EndGlobalSection
EndGlobal
