
Microsoft Visual Studio Solution File, Format Version 12.00
# Visual Studio 15
VisualStudioVersion = 15.0.28307.489
MinimumVisualStudioVersion = 10.0.40219.1
Project("{FAE04EC0-301F-11D3-BF4B-00C04F79EFBC}") = "HotelConsole", "HotelConsole\HotelConsole.csproj", "{D5EA1B55-0D29-4CCD-BB3E-F859879E92C1}"
EndProject
Global
	GlobalSection(SolutionConfigurationPlatforms) = preSolution
		Debug|Any CPU = Debug|Any CPU
		Release|Any CPU = Release|Any CPU
	EndGlobalSection
	GlobalSection(ProjectConfigurationPlatforms) = postSolution
		{D5EA1B55-0D29-4CCD-BB3E-F859879E92C1}.Debug|Any CPU.ActiveCfg = Debug|Any CPU
		{D5EA1B55-0D29-4CCD-BB3E-F859879E92C1}.Debug|Any CPU.Build.0 = Debug|Any CPU
		{D5EA1B55-0D29-4CCD-BB3E-F859879E92C1}.Release|Any CPU.ActiveCfg = Release|Any CPU
		{D5EA1B55-0D29-4CCD-BB3E-F859879E92C1}.Release|Any CPU.Build.0 = Release|Any CPU
	EndGlobalSection
	GlobalSection(SolutionProperties) = preSolution
		HideSolutionNode = FALSE
	EndGlobalSection
	GlobalSection(ExtensibilityGlobals) = postSolution
		SolutionGuid = {19FCA8E1-607C-4F1C-BB80-66EE9D1940FD}
	EndGlobalSection
EndGlobal
